// !$*UTF8*$!
{
	archiveVersion = 1;
	classes = {
	};
	objectVersion = 56;
	objects = {

/* Begin PBXBuildFile section */
		E229F4C228D9150A001F220E /* ConnectCommand.swift in Sources */ = {isa = PBXBuildFile; fileRef = E229F4C128D9150A001F220E /* ConnectCommand.swift */; };
		E295627528D4FAF900E88ED1 /* AnnotationDisplayPreferencesView.swift in Sources */ = {isa = PBXBuildFile; fileRef = E295627428D4FAF900E88ED1 /* AnnotationDisplayPreferencesView.swift */; };
		E295627728D4FB8400E88ED1 /* AnnotationSelectionPreferencesView.swift in Sources */ = {isa = PBXBuildFile; fileRef = E295627628D4FB8400E88ED1 /* AnnotationSelectionPreferencesView.swift */; };
		E295627928D4FC2000E88ED1 /* AnnotationCaptionPreferencesView.swift in Sources */ = {isa = PBXBuildFile; fileRef = E295627828D4FC2000E88ED1 /* AnnotationCaptionPreferencesView.swift */; };
		E295627C28D5325A00E88ED1 /* NetworkControlPreferencesView.swift in Sources */ = {isa = PBXBuildFile; fileRef = E295627B28D5325A00E88ED1 /* NetworkControlPreferencesView.swift */; };
		E295627E28D632EC00E88ED1 /* Credits.html in Resources */ = {isa = PBXBuildFile; fileRef = E295627D28D632EC00E88ED1 /* Credits.html */; };
		E295628A28D67A6500E88ED1 /* SharktopodaCommands.swift in Sources */ = {isa = PBXBuildFile; fileRef = E295628928D67A6500E88ED1 /* SharktopodaCommands.swift */; };
		E2989AB728D3B261009D2D65 /* NetworkPreferencesView.swift in Sources */ = {isa = PBXBuildFile; fileRef = E2989AB628D3B261009D2D65 /* NetworkPreferencesView.swift */; };
		E2989AB928D3B87E009D2D65 /* AnnotationPreferencesView.swift in Sources */ = {isa = PBXBuildFile; fileRef = E2989AB828D3B87E009D2D65 /* AnnotationPreferencesView.swift */; };
		E2989ABD28D3C7F7009D2D65 /* PrefKeys.swift in Sources */ = {isa = PBXBuildFile; fileRef = E2989ABC28D3C7F7009D2D65 /* PrefKeys.swift */; };
		E2989ABF28D3D083009D2D65 /* ColorPref.swift in Sources */ = {isa = PBXBuildFile; fileRef = E2989ABE28D3D083009D2D65 /* ColorPref.swift */; };
		E2989AC128D4BAD0009D2D65 /* SizeColorRow.swift in Sources */ = {isa = PBXBuildFile; fileRef = E2989AC028D4BAD0009D2D65 /* SizeColorRow.swift */; };
		E2989AC328D4F6EE009D2D65 /* AnnotationCreationPreferencesView.swift in Sources */ = {isa = PBXBuildFile; fileRef = E2989AC228D4F6EE009D2D65 /* AnnotationCreationPreferencesView.swift */; };
		E2C078CD28D7CF0E00C55EEC /* UDPIncoming.swift in Sources */ = {isa = PBXBuildFile; fileRef = E2C078CC28D7CF0E00C55EEC /* UDPIncoming.swift */; };
		E2C22E8528CFDC26003CD976 /* SharktopodaApp.swift in Sources */ = {isa = PBXBuildFile; fileRef = E2C22E8428CFDC26003CD976 /* SharktopodaApp.swift */; };
		E2C22E8728CFDC26003CD976 /* ContentView.swift in Sources */ = {isa = PBXBuildFile; fileRef = E2C22E8628CFDC26003CD976 /* ContentView.swift */; };
		E2C22E8928CFDC28003CD976 /* Assets.xcassets in Resources */ = {isa = PBXBuildFile; fileRef = E2C22E8828CFDC28003CD976 /* Assets.xcassets */; };
		E2C22E8C28CFDC28003CD976 /* Preview Assets.xcassets in Resources */ = {isa = PBXBuildFile; fileRef = E2C22E8B28CFDC28003CD976 /* Preview Assets.xcassets */; };
		E2C22E9728CFDC28003CD976 /* SharktopodaTests.swift in Sources */ = {isa = PBXBuildFile; fileRef = E2C22E9628CFDC28003CD976 /* SharktopodaTests.swift */; };
		E2C22EA128CFDC28003CD976 /* SharktopodaUITests.swift in Sources */ = {isa = PBXBuildFile; fileRef = E2C22EA028CFDC28003CD976 /* SharktopodaUITests.swift */; };
		E2C22EA328CFDC28003CD976 /* SharktopodaUITestsLaunchTests.swift in Sources */ = {isa = PBXBuildFile; fileRef = E2C22EA228CFDC28003CD976 /* SharktopodaUITestsLaunchTests.swift */; };
		E2C22EC528D144B0003CD976 /* SharktopodaData.swift in Sources */ = {isa = PBXBuildFile; fileRef = E2C22EC428D144B0003CD976 /* SharktopodaData.swift */; };
		E2C22EC828D2666A003CD976 /* Preferences.swift in Sources */ = {isa = PBXBuildFile; fileRef = E2C22EC728D2666A003CD976 /* Preferences.swift */; };
		E2C22ECF28D27C2D003CD976 /* UDPServer.swift in Sources */ = {isa = PBXBuildFile; fileRef = E2C22ECE28D27C2D003CD976 /* UDPServer.swift */; };
		E2C22ED328D2AAF3003CD976 /* VideoView.swift in Sources */ = {isa = PBXBuildFile; fileRef = E2C22ED228D2AAF3003CD976 /* VideoView.swift */; };
		E2C22ED528D36832003CD976 /* Localization.swift in Sources */ = {isa = PBXBuildFile; fileRef = E2C22ED428D36832003CD976 /* Localization.swift */; };
		E2C22ED728D36888003CD976 /* VideoAsset.swift in Sources */ = {isa = PBXBuildFile; fileRef = E2C22ED628D36888003CD976 /* VideoAsset.swift */; };
		E2C22EDA28D386AE003CD976 /* Main.swift in Sources */ = {isa = PBXBuildFile; fileRef = E2C22ED928D386AE003CD976 /* Main.swift */; };
		E2D47E9628D8C01F0068B192 /* IncomingCommand.swift in Sources */ = {isa = PBXBuildFile; fileRef = E2D47E9528D8C01F0068B192 /* IncomingCommand.swift */; };
		E2D47E9A28D8C17D0068B192 /* OutgoingCommand.swift in Sources */ = {isa = PBXBuildFile; fileRef = E2D47E9928D8C17D0068B192 /* OutgoingCommand.swift */; };
		E2D47E9C28D8C2980068B192 /* UDPOutgoing.swift in Sources */ = {isa = PBXBuildFile; fileRef = E2D47E9B28D8C2980068B192 /* UDPOutgoing.swift */; };
		E2D47E9E28D8DF0F0068B192 /* UDPConnect.swift in Sources */ = {isa = PBXBuildFile; fileRef = E2D47E9D28D8DF0F0068B192 /* UDPConnect.swift */; };
		E2D47EA028D8E6140068B192 /* CommandData.swift in Sources */ = {isa = PBXBuildFile; fileRef = E2D47E9F28D8E6140068B192 /* CommandData.swift */; };
		E2D47EA228D8EAF00068B192 /* ResponseData.swift in Sources */ = {isa = PBXBuildFile; fileRef = E2D47EA128D8EAF00068B192 /* ResponseData.swift */; };
		E2D47EA528D8ED300068B192 /* StatusResponse.swift in Sources */ = {isa = PBXBuildFile; fileRef = E2D47EA428D8ED300068B192 /* StatusResponse.swift */; };
/* End PBXBuildFile section */

/* Begin PBXContainerItemProxy section */
		E2C22E9328CFDC28003CD976 /* PBXContainerItemProxy */ = {
			isa = PBXContainerItemProxy;
			containerPortal = E2C22E7928CFDC26003CD976 /* Project object */;
			proxyType = 1;
			remoteGlobalIDString = E2C22E8028CFDC26003CD976;
			remoteInfo = Sharktopoda;
		};
		E2C22E9D28CFDC28003CD976 /* PBXContainerItemProxy */ = {
			isa = PBXContainerItemProxy;
			containerPortal = E2C22E7928CFDC26003CD976 /* Project object */;
			proxyType = 1;
			remoteGlobalIDString = E2C22E8028CFDC26003CD976;
			remoteInfo = Sharktopoda;
		};
/* End PBXContainerItemProxy section */

/* Begin PBXFileReference section */
		E229F4C128D9150A001F220E /* ConnectCommand.swift */ = {isa = PBXFileReference; lastKnownFileType = sourcecode.swift; path = ConnectCommand.swift; sourceTree = "<group>"; };
		E295627428D4FAF900E88ED1 /* AnnotationDisplayPreferencesView.swift */ = {isa = PBXFileReference; lastKnownFileType = sourcecode.swift; path = AnnotationDisplayPreferencesView.swift; sourceTree = "<group>"; };
		E295627628D4FB8400E88ED1 /* AnnotationSelectionPreferencesView.swift */ = {isa = PBXFileReference; lastKnownFileType = sourcecode.swift; path = AnnotationSelectionPreferencesView.swift; sourceTree = "<group>"; };
		E295627828D4FC2000E88ED1 /* AnnotationCaptionPreferencesView.swift */ = {isa = PBXFileReference; lastKnownFileType = sourcecode.swift; path = AnnotationCaptionPreferencesView.swift; sourceTree = "<group>"; };
		E295627B28D5325A00E88ED1 /* NetworkControlPreferencesView.swift */ = {isa = PBXFileReference; lastKnownFileType = sourcecode.swift; path = NetworkControlPreferencesView.swift; sourceTree = "<group>"; };
		E295627D28D632EC00E88ED1 /* Credits.html */ = {isa = PBXFileReference; lastKnownFileType = text.html; path = Credits.html; sourceTree = "<group>"; };
		E295628928D67A6500E88ED1 /* SharktopodaCommands.swift */ = {isa = PBXFileReference; lastKnownFileType = sourcecode.swift; path = SharktopodaCommands.swift; sourceTree = "<group>"; };
		E2989AB628D3B261009D2D65 /* NetworkPreferencesView.swift */ = {isa = PBXFileReference; lastKnownFileType = sourcecode.swift; path = NetworkPreferencesView.swift; sourceTree = "<group>"; };
		E2989AB828D3B87E009D2D65 /* AnnotationPreferencesView.swift */ = {isa = PBXFileReference; lastKnownFileType = sourcecode.swift; path = AnnotationPreferencesView.swift; sourceTree = "<group>"; };
		E2989ABC28D3C7F7009D2D65 /* PrefKeys.swift */ = {isa = PBXFileReference; lastKnownFileType = sourcecode.swift; path = PrefKeys.swift; sourceTree = "<group>"; };
		E2989ABE28D3D083009D2D65 /* ColorPref.swift */ = {isa = PBXFileReference; lastKnownFileType = sourcecode.swift; path = ColorPref.swift; sourceTree = "<group>"; };
		E2989AC028D4BAD0009D2D65 /* SizeColorRow.swift */ = {isa = PBXFileReference; lastKnownFileType = sourcecode.swift; path = SizeColorRow.swift; sourceTree = "<group>"; };
		E2989AC228D4F6EE009D2D65 /* AnnotationCreationPreferencesView.swift */ = {isa = PBXFileReference; lastKnownFileType = sourcecode.swift; path = AnnotationCreationPreferencesView.swift; sourceTree = "<group>"; };
		E2C078CC28D7CF0E00C55EEC /* UDPIncoming.swift */ = {isa = PBXFileReference; lastKnownFileType = sourcecode.swift; path = UDPIncoming.swift; sourceTree = "<group>"; };
		E2C22E8128CFDC26003CD976 /* Sharktopoda.app */ = {isa = PBXFileReference; explicitFileType = wrapper.application; includeInIndex = 0; path = Sharktopoda.app; sourceTree = BUILT_PRODUCTS_DIR; };
		E2C22E8428CFDC26003CD976 /* SharktopodaApp.swift */ = {isa = PBXFileReference; lastKnownFileType = sourcecode.swift; path = SharktopodaApp.swift; sourceTree = "<group>"; };
		E2C22E8628CFDC26003CD976 /* ContentView.swift */ = {isa = PBXFileReference; lastKnownFileType = sourcecode.swift; path = ContentView.swift; sourceTree = "<group>"; };
		E2C22E8828CFDC28003CD976 /* Assets.xcassets */ = {isa = PBXFileReference; lastKnownFileType = folder.assetcatalog; path = Assets.xcassets; sourceTree = "<group>"; };
		E2C22E8B28CFDC28003CD976 /* Preview Assets.xcassets */ = {isa = PBXFileReference; lastKnownFileType = folder.assetcatalog; path = "Preview Assets.xcassets"; sourceTree = "<group>"; };
		E2C22E8D28CFDC28003CD976 /* Sharktopoda.entitlements */ = {isa = PBXFileReference; lastKnownFileType = text.plist.entitlements; path = Sharktopoda.entitlements; sourceTree = "<group>"; };
		E2C22E9228CFDC28003CD976 /* SharktopodaTests.xctest */ = {isa = PBXFileReference; explicitFileType = wrapper.cfbundle; includeInIndex = 0; path = SharktopodaTests.xctest; sourceTree = BUILT_PRODUCTS_DIR; };
		E2C22E9628CFDC28003CD976 /* SharktopodaTests.swift */ = {isa = PBXFileReference; lastKnownFileType = sourcecode.swift; path = SharktopodaTests.swift; sourceTree = "<group>"; };
		E2C22E9C28CFDC28003CD976 /* SharktopodaUITests.xctest */ = {isa = PBXFileReference; explicitFileType = wrapper.cfbundle; includeInIndex = 0; path = SharktopodaUITests.xctest; sourceTree = BUILT_PRODUCTS_DIR; };
		E2C22EA028CFDC28003CD976 /* SharktopodaUITests.swift */ = {isa = PBXFileReference; lastKnownFileType = sourcecode.swift; path = SharktopodaUITests.swift; sourceTree = "<group>"; };
		E2C22EA228CFDC28003CD976 /* SharktopodaUITestsLaunchTests.swift */ = {isa = PBXFileReference; lastKnownFileType = sourcecode.swift; path = SharktopodaUITestsLaunchTests.swift; sourceTree = "<group>"; };
		E2C22EC428D144B0003CD976 /* SharktopodaData.swift */ = {isa = PBXFileReference; lastKnownFileType = sourcecode.swift; path = SharktopodaData.swift; sourceTree = "<group>"; };
		E2C22EC728D2666A003CD976 /* Preferences.swift */ = {isa = PBXFileReference; lastKnownFileType = sourcecode.swift; path = Preferences.swift; sourceTree = "<group>"; };
		E2C22ECE28D27C2D003CD976 /* UDPServer.swift */ = {isa = PBXFileReference; lastKnownFileType = sourcecode.swift; path = UDPServer.swift; sourceTree = "<group>"; };
		E2C22ED228D2AAF3003CD976 /* VideoView.swift */ = {isa = PBXFileReference; lastKnownFileType = sourcecode.swift; path = VideoView.swift; sourceTree = "<group>"; };
		E2C22ED428D36832003CD976 /* Localization.swift */ = {isa = PBXFileReference; lastKnownFileType = sourcecode.swift; path = Localization.swift; sourceTree = "<group>"; };
		E2C22ED628D36888003CD976 /* VideoAsset.swift */ = {isa = PBXFileReference; lastKnownFileType = sourcecode.swift; path = VideoAsset.swift; sourceTree = "<group>"; };
		E2C22ED928D386AE003CD976 /* Main.swift */ = {isa = PBXFileReference; lastKnownFileType = sourcecode.swift; path = Main.swift; sourceTree = "<group>"; };
		E2D47E9528D8C01F0068B192 /* IncomingCommand.swift */ = {isa = PBXFileReference; lastKnownFileType = sourcecode.swift; path = IncomingCommand.swift; sourceTree = "<group>"; };
		E2D47E9928D8C17D0068B192 /* OutgoingCommand.swift */ = {isa = PBXFileReference; lastKnownFileType = sourcecode.swift; path = OutgoingCommand.swift; sourceTree = "<group>"; };
		E2D47E9B28D8C2980068B192 /* UDPOutgoing.swift */ = {isa = PBXFileReference; lastKnownFileType = sourcecode.swift; path = UDPOutgoing.swift; sourceTree = "<group>"; };
		E2D47E9D28D8DF0F0068B192 /* UDPConnect.swift */ = {isa = PBXFileReference; lastKnownFileType = sourcecode.swift; path = UDPConnect.swift; sourceTree = "<group>"; };
		E2D47E9F28D8E6140068B192 /* CommandData.swift */ = {isa = PBXFileReference; lastKnownFileType = sourcecode.swift; path = CommandData.swift; sourceTree = "<group>"; };
		E2D47EA128D8EAF00068B192 /* ResponseData.swift */ = {isa = PBXFileReference; lastKnownFileType = sourcecode.swift; path = ResponseData.swift; sourceTree = "<group>"; };
		E2D47EA428D8ED300068B192 /* StatusResponse.swift */ = {isa = PBXFileReference; lastKnownFileType = sourcecode.swift; path = StatusResponse.swift; sourceTree = "<group>"; };
/* End PBXFileReference section */

/* Begin PBXFrameworksBuildPhase section */
		E2C22E7E28CFDC26003CD976 /* Frameworks */ = {
			isa = PBXFrameworksBuildPhase;
			buildActionMask = 2147483647;
			files = (
			);
			runOnlyForDeploymentPostprocessing = 0;
		};
		E2C22E8F28CFDC28003CD976 /* Frameworks */ = {
			isa = PBXFrameworksBuildPhase;
			buildActionMask = 2147483647;
			files = (
			);
			runOnlyForDeploymentPostprocessing = 0;
		};
		E2C22E9928CFDC28003CD976 /* Frameworks */ = {
			isa = PBXFrameworksBuildPhase;
			buildActionMask = 2147483647;
			files = (
			);
			runOnlyForDeploymentPostprocessing = 0;
		};
/* End PBXFrameworksBuildPhase section */

/* Begin PBXGroup section */
		E295627328D4FAC800E88ED1 /* Annotations */ = {
			isa = PBXGroup;
			children = (
				E2989AB828D3B87E009D2D65 /* AnnotationPreferencesView.swift */,
				E2989AC228D4F6EE009D2D65 /* AnnotationCreationPreferencesView.swift */,
				E295627428D4FAF900E88ED1 /* AnnotationDisplayPreferencesView.swift */,
				E295627628D4FB8400E88ED1 /* AnnotationSelectionPreferencesView.swift */,
				E295627828D4FC2000E88ED1 /* AnnotationCaptionPreferencesView.swift */,
			);
			path = Annotations;
			sourceTree = "<group>";
		};
		E295627A28D5322D00E88ED1 /* Network */ = {
			isa = PBXGroup;
			children = (
				E2989AB628D3B261009D2D65 /* NetworkPreferencesView.swift */,
				E295627B28D5325A00E88ED1 /* NetworkControlPreferencesView.swift */,
			);
			path = Network;
			sourceTree = "<group>";
		};
		E2989AB528D3B22E009D2D65 /* Preferences */ = {
			isa = PBXGroup;
			children = (
				E2C22EC728D2666A003CD976 /* Preferences.swift */,
				E2989ABC28D3C7F7009D2D65 /* PrefKeys.swift */,
				E2989ABE28D3D083009D2D65 /* ColorPref.swift */,
				E2989AC028D4BAD0009D2D65 /* SizeColorRow.swift */,
				E295627328D4FAC800E88ED1 /* Annotations */,
				E295627A28D5322D00E88ED1 /* Network */,
			);
			path = Preferences;
			sourceTree = "<group>";
		};
		E2C078D128D8B86C00C55EEC /* Incoming */ = {
			isa = PBXGroup;
			children = (
				E2C22ECE28D27C2D003CD976 /* UDPServer.swift */,
				E2D47E9D28D8DF0F0068B192 /* UDPConnect.swift */,
				E2C078CC28D7CF0E00C55EEC /* UDPIncoming.swift */,
				E2D47E9428D8C00B0068B192 /* Messages */,
				E2D47EA328D8ECDB0068B192 /* Responses */,
			);
			path = Incoming;
			sourceTree = "<group>";
		};
		E2C22E7828CFDC26003CD976 = {
			isa = PBXGroup;
			children = (
				E2C22E8328CFDC26003CD976 /* Sharktopoda */,
				E2C22E9528CFDC28003CD976 /* SharktopodaTests */,
				E2C22E9F28CFDC28003CD976 /* SharktopodaUITests */,
				E2C22E8228CFDC26003CD976 /* Products */,
			);
			sourceTree = "<group>";
		};
		E2C22E8228CFDC26003CD976 /* Products */ = {
			isa = PBXGroup;
			children = (
				E2C22E8128CFDC26003CD976 /* Sharktopoda.app */,
				E2C22E9228CFDC28003CD976 /* SharktopodaTests.xctest */,
				E2C22E9C28CFDC28003CD976 /* SharktopodaUITests.xctest */,
			);
			name = Products;
			sourceTree = "<group>";
		};
		E2C22E8328CFDC26003CD976 /* Sharktopoda */ = {
			isa = PBXGroup;
			children = (
				E2C22ECD28D27B81003CD976 /* UDP */,
				E2C22EC328D14495003CD976 /* Model */,
				E2C22EC628D2662A003CD976 /* View */,
				E2C22E8428CFDC26003CD976 /* SharktopodaApp.swift */,
				E2C22E8828CFDC28003CD976 /* Assets.xcassets */,
				E2C22E8D28CFDC28003CD976 /* Sharktopoda.entitlements */,
				E2C22E8A28CFDC28003CD976 /* Preview Content */,
				E295627D28D632EC00E88ED1 /* Credits.html */,
			);
			path = Sharktopoda;
			sourceTree = "<group>";
		};
		E2C22E8A28CFDC28003CD976 /* Preview Content */ = {
			isa = PBXGroup;
			children = (
				E2C22E8B28CFDC28003CD976 /* Preview Assets.xcassets */,
			);
			path = "Preview Content";
			sourceTree = "<group>";
		};
		E2C22E9528CFDC28003CD976 /* SharktopodaTests */ = {
			isa = PBXGroup;
			children = (
				E2C22E9628CFDC28003CD976 /* SharktopodaTests.swift */,
			);
			path = SharktopodaTests;
			sourceTree = "<group>";
		};
		E2C22E9F28CFDC28003CD976 /* SharktopodaUITests */ = {
			isa = PBXGroup;
			children = (
				E2C22EA028CFDC28003CD976 /* SharktopodaUITests.swift */,
				E2C22EA228CFDC28003CD976 /* SharktopodaUITestsLaunchTests.swift */,
			);
			path = SharktopodaUITests;
			sourceTree = "<group>";
		};
		E2C22EC328D14495003CD976 /* Model */ = {
			isa = PBXGroup;
			children = (
				E2C22EC428D144B0003CD976 /* SharktopodaData.swift */,
				E2C22ED428D36832003CD976 /* Localization.swift */,
				E2C22ED628D36888003CD976 /* VideoAsset.swift */,
			);
			path = Model;
			sourceTree = "<group>";
		};
		E2C22EC628D2662A003CD976 /* View */ = {
			isa = PBXGroup;
			children = (
				E295628928D67A6500E88ED1 /* SharktopodaCommands.swift */,
				E2989AB528D3B22E009D2D65 /* Preferences */,
				E2C22ED828D38686003CD976 /* Main */,
				E2C22E8628CFDC26003CD976 /* ContentView.swift */,
				E2C22ED228D2AAF3003CD976 /* VideoView.swift */,
			);
			path = View;
			sourceTree = "<group>";
		};
		E2C22ECD28D27B81003CD976 /* UDP */ = {
			isa = PBXGroup;
			children = (
				E2C078D128D8B86C00C55EEC /* Incoming */,
				E2D47E9728D8C0ED0068B192 /* Outgoing */,
			);
			path = UDP;
			sourceTree = "<group>";
		};
		E2C22ED828D38686003CD976 /* Main */ = {
			isa = PBXGroup;
			children = (
				E2C22ED928D386AE003CD976 /* Main.swift */,
			);
			path = Main;
			sourceTree = "<group>";
		};
		E2D47E9428D8C00B0068B192 /* Messages */ = {
			isa = PBXGroup;
			children = (
				E2D47E9528D8C01F0068B192 /* IncomingCommand.swift */,
				E2D47E9F28D8E6140068B192 /* CommandData.swift */,
				E229F4C128D9150A001F220E /* ConnectCommand.swift */,
			);
			path = Messages;
			sourceTree = "<group>";
		};
		E2D47E9728D8C0ED0068B192 /* Outgoing */ = {
			isa = PBXGroup;
			children = (
				E2D47E9B28D8C2980068B192 /* UDPOutgoing.swift */,
				E2D47E9828D8C16E0068B192 /* Messages */,
			);
			path = Outgoing;
			sourceTree = "<group>";
		};
		E2D47E9828D8C16E0068B192 /* Messages */ = {
			isa = PBXGroup;
			children = (
				E2D47E9928D8C17D0068B192 /* OutgoingCommand.swift */,
			);
			path = Messages;
			sourceTree = "<group>";
		};
		E2D47EA328D8ECDB0068B192 /* Responses */ = {
			isa = PBXGroup;
			children = (
				E2D47EA128D8EAF00068B192 /* ResponseData.swift */,
				E2D47EA428D8ED300068B192 /* StatusResponse.swift */,
			);
			path = Responses;
			sourceTree = "<group>";
		};
/* End PBXGroup section */

/* Begin PBXNativeTarget section */
		E2C22E8028CFDC26003CD976 /* Sharktopoda */ = {
			isa = PBXNativeTarget;
			buildConfigurationList = E2C22EA628CFDC28003CD976 /* Build configuration list for PBXNativeTarget "Sharktopoda" */;
			buildPhases = (
				E2C22E7D28CFDC26003CD976 /* Sources */,
				E2C22E7E28CFDC26003CD976 /* Frameworks */,
				E2C22E7F28CFDC26003CD976 /* Resources */,
			);
			buildRules = (
			);
			dependencies = (
			);
			name = Sharktopoda;
			productName = Sharktopoda;
			productReference = E2C22E8128CFDC26003CD976 /* Sharktopoda.app */;
			productType = "com.apple.product-type.application";
		};
		E2C22E9128CFDC28003CD976 /* SharktopodaTests */ = {
			isa = PBXNativeTarget;
			buildConfigurationList = E2C22EA928CFDC28003CD976 /* Build configuration list for PBXNativeTarget "SharktopodaTests" */;
			buildPhases = (
				E2C22E8E28CFDC28003CD976 /* Sources */,
				E2C22E8F28CFDC28003CD976 /* Frameworks */,
				E2C22E9028CFDC28003CD976 /* Resources */,
			);
			buildRules = (
			);
			dependencies = (
				E2C22E9428CFDC28003CD976 /* PBXTargetDependency */,
			);
			name = SharktopodaTests;
			productName = SharktopodaTests;
			productReference = E2C22E9228CFDC28003CD976 /* SharktopodaTests.xctest */;
			productType = "com.apple.product-type.bundle.unit-test";
		};
		E2C22E9B28CFDC28003CD976 /* SharktopodaUITests */ = {
			isa = PBXNativeTarget;
			buildConfigurationList = E2C22EAC28CFDC28003CD976 /* Build configuration list for PBXNativeTarget "SharktopodaUITests" */;
			buildPhases = (
				E2C22E9828CFDC28003CD976 /* Sources */,
				E2C22E9928CFDC28003CD976 /* Frameworks */,
				E2C22E9A28CFDC28003CD976 /* Resources */,
			);
			buildRules = (
			);
			dependencies = (
				E2C22E9E28CFDC28003CD976 /* PBXTargetDependency */,
			);
			name = SharktopodaUITests;
			productName = SharktopodaUITests;
			productReference = E2C22E9C28CFDC28003CD976 /* SharktopodaUITests.xctest */;
			productType = "com.apple.product-type.bundle.ui-testing";
		};
/* End PBXNativeTarget section */

/* Begin PBXProject section */
		E2C22E7928CFDC26003CD976 /* Project object */ = {
			isa = PBXProject;
			attributes = {
				BuildIndependentTargetsInParallel = 1;
				LastSwiftUpdateCheck = 1400;
				LastUpgradeCheck = 1400;
				TargetAttributes = {
					E2C22E8028CFDC26003CD976 = {
						CreatedOnToolsVersion = 14.0;
					};
					E2C22E9128CFDC28003CD976 = {
						CreatedOnToolsVersion = 14.0;
						TestTargetID = E2C22E8028CFDC26003CD976;
					};
					E2C22E9B28CFDC28003CD976 = {
						CreatedOnToolsVersion = 14.0;
						TestTargetID = E2C22E8028CFDC26003CD976;
					};
				};
			};
			buildConfigurationList = E2C22E7C28CFDC26003CD976 /* Build configuration list for PBXProject "Sharktopoda" */;
			compatibilityVersion = "Xcode 14.0";
			developmentRegion = en;
			hasScannedForEncodings = 0;
			knownRegions = (
				en,
				Base,
			);
			mainGroup = E2C22E7828CFDC26003CD976;
			productRefGroup = E2C22E8228CFDC26003CD976 /* Products */;
			projectDirPath = "";
			projectRoot = "";
			targets = (
				E2C22E8028CFDC26003CD976 /* Sharktopoda */,
				E2C22E9128CFDC28003CD976 /* SharktopodaTests */,
				E2C22E9B28CFDC28003CD976 /* SharktopodaUITests */,
			);
		};
/* End PBXProject section */

/* Begin PBXResourcesBuildPhase section */
		E2C22E7F28CFDC26003CD976 /* Resources */ = {
			isa = PBXResourcesBuildPhase;
			buildActionMask = 2147483647;
			files = (
				E2C22E8C28CFDC28003CD976 /* Preview Assets.xcassets in Resources */,
				E295627E28D632EC00E88ED1 /* Credits.html in Resources */,
				E2C22E8928CFDC28003CD976 /* Assets.xcassets in Resources */,
			);
			runOnlyForDeploymentPostprocessing = 0;
		};
		E2C22E9028CFDC28003CD976 /* Resources */ = {
			isa = PBXResourcesBuildPhase;
			buildActionMask = 2147483647;
			files = (
			);
			runOnlyForDeploymentPostprocessing = 0;
		};
		E2C22E9A28CFDC28003CD976 /* Resources */ = {
			isa = PBXResourcesBuildPhase;
			buildActionMask = 2147483647;
			files = (
			);
			runOnlyForDeploymentPostprocessing = 0;
		};
/* End PBXResourcesBuildPhase section */

/* Begin PBXSourcesBuildPhase section */
		E2C22E7D28CFDC26003CD976 /* Sources */ = {
			isa = PBXSourcesBuildPhase;
			buildActionMask = 2147483647;
			files = (
				E2C22EDA28D386AE003CD976 /* Main.swift in Sources */,
				E295627928D4FC2000E88ED1 /* AnnotationCaptionPreferencesView.swift in Sources */,
				E2C22ED328D2AAF3003CD976 /* VideoView.swift in Sources */,
				E2989ABF28D3D083009D2D65 /* ColorPref.swift in Sources */,
				E2D47EA228D8EAF00068B192 /* ResponseData.swift in Sources */,
				E2C22ECF28D27C2D003CD976 /* UDPServer.swift in Sources */,
				E295627C28D5325A00E88ED1 /* NetworkControlPreferencesView.swift in Sources */,
				E229F4C228D9150A001F220E /* ConnectCommand.swift in Sources */,
				E2D47EA528D8ED300068B192 /* StatusResponse.swift in Sources */,
				E2989AC328D4F6EE009D2D65 /* AnnotationCreationPreferencesView.swift in Sources */,
				E2C22ED528D36832003CD976 /* Localization.swift in Sources */,
				E2D47E9628D8C01F0068B192 /* IncomingCommand.swift in Sources */,
				E2C078CD28D7CF0E00C55EEC /* UDPIncoming.swift in Sources */,
				E2C22ED728D36888003CD976 /* VideoAsset.swift in Sources */,
				E2989AB728D3B261009D2D65 /* NetworkPreferencesView.swift in Sources */,
				E295628A28D67A6500E88ED1 /* SharktopodaCommands.swift in Sources */,
				E2989ABD28D3C7F7009D2D65 /* PrefKeys.swift in Sources */,
				E2C22E8728CFDC26003CD976 /* ContentView.swift in Sources */,
				E2C22E8528CFDC26003CD976 /* SharktopodaApp.swift in Sources */,
				E2C22EC528D144B0003CD976 /* SharktopodaData.swift in Sources */,
				E2D47E9E28D8DF0F0068B192 /* UDPConnect.swift in Sources */,
				E2989AC128D4BAD0009D2D65 /* SizeColorRow.swift in Sources */,
				E2D47E9A28D8C17D0068B192 /* OutgoingCommand.swift in Sources */,
				E2D47E9C28D8C2980068B192 /* UDPOutgoing.swift in Sources */,
				E295627528D4FAF900E88ED1 /* AnnotationDisplayPreferencesView.swift in Sources */,
				E2989AB928D3B87E009D2D65 /* AnnotationPreferencesView.swift in Sources */,
				E2C22EC828D2666A003CD976 /* Preferences.swift in Sources */,
				E295627728D4FB8400E88ED1 /* AnnotationSelectionPreferencesView.swift in Sources */,
				E2D47EA028D8E6140068B192 /* CommandData.swift in Sources */,
			);
			runOnlyForDeploymentPostprocessing = 0;
		};
		E2C22E8E28CFDC28003CD976 /* Sources */ = {
			isa = PBXSourcesBuildPhase;
			buildActionMask = 2147483647;
			files = (
				E2C22E9728CFDC28003CD976 /* SharktopodaTests.swift in Sources */,
			);
			runOnlyForDeploymentPostprocessing = 0;
		};
		E2C22E9828CFDC28003CD976 /* Sources */ = {
			isa = PBXSourcesBuildPhase;
			buildActionMask = 2147483647;
			files = (
				E2C22EA128CFDC28003CD976 /* SharktopodaUITests.swift in Sources */,
				E2C22EA328CFDC28003CD976 /* SharktopodaUITestsLaunchTests.swift in Sources */,
			);
			runOnlyForDeploymentPostprocessing = 0;
		};
/* End PBXSourcesBuildPhase section */

/* Begin PBXTargetDependency section */
		E2C22E9428CFDC28003CD976 /* PBXTargetDependency */ = {
			isa = PBXTargetDependency;
			target = E2C22E8028CFDC26003CD976 /* Sharktopoda */;
			targetProxy = E2C22E9328CFDC28003CD976 /* PBXContainerItemProxy */;
		};
		E2C22E9E28CFDC28003CD976 /* PBXTargetDependency */ = {
			isa = PBXTargetDependency;
			target = E2C22E8028CFDC26003CD976 /* Sharktopoda */;
			targetProxy = E2C22E9D28CFDC28003CD976 /* PBXContainerItemProxy */;
		};
/* End PBXTargetDependency section */

/* Begin XCBuildConfiguration section */
		E2C22EA428CFDC28003CD976 /* Debug */ = {
			isa = XCBuildConfiguration;
			buildSettings = {
				ALWAYS_SEARCH_USER_PATHS = NO;
				CLANG_ANALYZER_NONNULL = YES;
				CLANG_ANALYZER_NUMBER_OBJECT_CONVERSION = YES_AGGRESSIVE;
				CLANG_CXX_LANGUAGE_STANDARD = "gnu++20";
				CLANG_ENABLE_MODULES = YES;
				CLANG_ENABLE_OBJC_ARC = YES;
				CLANG_ENABLE_OBJC_WEAK = YES;
				CLANG_WARN_BLOCK_CAPTURE_AUTORELEASING = YES;
				CLANG_WARN_BOOL_CONVERSION = YES;
				CLANG_WARN_COMMA = YES;
				CLANG_WARN_CONSTANT_CONVERSION = YES;
				CLANG_WARN_DEPRECATED_OBJC_IMPLEMENTATIONS = YES;
				CLANG_WARN_DIRECT_OBJC_ISA_USAGE = YES_ERROR;
				CLANG_WARN_DOCUMENTATION_COMMENTS = YES;
				CLANG_WARN_EMPTY_BODY = YES;
				CLANG_WARN_ENUM_CONVERSION = YES;
				CLANG_WARN_INFINITE_RECURSION = YES;
				CLANG_WARN_INT_CONVERSION = YES;
				CLANG_WARN_NON_LITERAL_NULL_CONVERSION = YES;
				CLANG_WARN_OBJC_IMPLICIT_RETAIN_SELF = YES;
				CLANG_WARN_OBJC_LITERAL_CONVERSION = YES;
				CLANG_WARN_OBJC_ROOT_CLASS = YES_ERROR;
				CLANG_WARN_QUOTED_INCLUDE_IN_FRAMEWORK_HEADER = YES;
				CLANG_WARN_RANGE_LOOP_ANALYSIS = YES;
				CLANG_WARN_STRICT_PROTOTYPES = YES;
				CLANG_WARN_SUSPICIOUS_MOVE = YES;
				CLANG_WARN_UNGUARDED_AVAILABILITY = YES_AGGRESSIVE;
				CLANG_WARN_UNREACHABLE_CODE = YES;
				CLANG_WARN__DUPLICATE_METHOD_MATCH = YES;
				COPY_PHASE_STRIP = NO;
				DEBUG_INFORMATION_FORMAT = dwarf;
				ENABLE_STRICT_OBJC_MSGSEND = YES;
				ENABLE_TESTABILITY = YES;
				GCC_C_LANGUAGE_STANDARD = gnu11;
				GCC_DYNAMIC_NO_PIC = NO;
				GCC_NO_COMMON_BLOCKS = YES;
				GCC_OPTIMIZATION_LEVEL = 0;
				GCC_PREPROCESSOR_DEFINITIONS = (
					"DEBUG=1",
					"$(inherited)",
				);
				GCC_WARN_64_TO_32_BIT_CONVERSION = YES;
				GCC_WARN_ABOUT_RETURN_TYPE = YES_ERROR;
				GCC_WARN_UNDECLARED_SELECTOR = YES;
				GCC_WARN_UNINITIALIZED_AUTOS = YES_AGGRESSIVE;
				GCC_WARN_UNUSED_FUNCTION = YES;
				GCC_WARN_UNUSED_VARIABLE = YES;
				MACOSX_DEPLOYMENT_TARGET = 12.3;
				MTL_ENABLE_DEBUG_INFO = INCLUDE_SOURCE;
				MTL_FAST_MATH = YES;
				ONLY_ACTIVE_ARCH = YES;
				SDKROOT = macosx;
				SWIFT_ACTIVE_COMPILATION_CONDITIONS = DEBUG;
				SWIFT_OPTIMIZATION_LEVEL = "-Onone";
			};
			name = Debug;
		};
		E2C22EA528CFDC28003CD976 /* Release */ = {
			isa = XCBuildConfiguration;
			buildSettings = {
				ALWAYS_SEARCH_USER_PATHS = NO;
				CLANG_ANALYZER_NONNULL = YES;
				CLANG_ANALYZER_NUMBER_OBJECT_CONVERSION = YES_AGGRESSIVE;
				CLANG_CXX_LANGUAGE_STANDARD = "gnu++20";
				CLANG_ENABLE_MODULES = YES;
				CLANG_ENABLE_OBJC_ARC = YES;
				CLANG_ENABLE_OBJC_WEAK = YES;
				CLANG_WARN_BLOCK_CAPTURE_AUTORELEASING = YES;
				CLANG_WARN_BOOL_CONVERSION = YES;
				CLANG_WARN_COMMA = YES;
				CLANG_WARN_CONSTANT_CONVERSION = YES;
				CLANG_WARN_DEPRECATED_OBJC_IMPLEMENTATIONS = YES;
				CLANG_WARN_DIRECT_OBJC_ISA_USAGE = YES_ERROR;
				CLANG_WARN_DOCUMENTATION_COMMENTS = YES;
				CLANG_WARN_EMPTY_BODY = YES;
				CLANG_WARN_ENUM_CONVERSION = YES;
				CLANG_WARN_INFINITE_RECURSION = YES;
				CLANG_WARN_INT_CONVERSION = YES;
				CLANG_WARN_NON_LITERAL_NULL_CONVERSION = YES;
				CLANG_WARN_OBJC_IMPLICIT_RETAIN_SELF = YES;
				CLANG_WARN_OBJC_LITERAL_CONVERSION = YES;
				CLANG_WARN_OBJC_ROOT_CLASS = YES_ERROR;
				CLANG_WARN_QUOTED_INCLUDE_IN_FRAMEWORK_HEADER = YES;
				CLANG_WARN_RANGE_LOOP_ANALYSIS = YES;
				CLANG_WARN_STRICT_PROTOTYPES = YES;
				CLANG_WARN_SUSPICIOUS_MOVE = YES;
				CLANG_WARN_UNGUARDED_AVAILABILITY = YES_AGGRESSIVE;
				CLANG_WARN_UNREACHABLE_CODE = YES;
				CLANG_WARN__DUPLICATE_METHOD_MATCH = YES;
				COPY_PHASE_STRIP = NO;
				DEBUG_INFORMATION_FORMAT = "dwarf-with-dsym";
				ENABLE_NS_ASSERTIONS = NO;
				ENABLE_STRICT_OBJC_MSGSEND = YES;
				GCC_C_LANGUAGE_STANDARD = gnu11;
				GCC_NO_COMMON_BLOCKS = YES;
				GCC_WARN_64_TO_32_BIT_CONVERSION = YES;
				GCC_WARN_ABOUT_RETURN_TYPE = YES_ERROR;
				GCC_WARN_UNDECLARED_SELECTOR = YES;
				GCC_WARN_UNINITIALIZED_AUTOS = YES_AGGRESSIVE;
				GCC_WARN_UNUSED_FUNCTION = YES;
				GCC_WARN_UNUSED_VARIABLE = YES;
				MACOSX_DEPLOYMENT_TARGET = 12.3;
				MTL_ENABLE_DEBUG_INFO = NO;
				MTL_FAST_MATH = YES;
				SDKROOT = macosx;
				SWIFT_COMPILATION_MODE = wholemodule;
				SWIFT_OPTIMIZATION_LEVEL = "-O";
			};
			name = Release;
		};
		E2C22EA728CFDC28003CD976 /* Debug */ = {
			isa = XCBuildConfiguration;
			buildSettings = {
				ASSETCATALOG_COMPILER_APPICON_NAME = AppIcon;
				ASSETCATALOG_COMPILER_GLOBAL_ACCENT_COLOR_NAME = AccentColor;
				CODE_SIGN_ENTITLEMENTS = Sharktopoda/Sharktopoda.entitlements;
				"CODE_SIGN_IDENTITY[sdk=macosx*]" = "-";
				CODE_SIGN_STYLE = Automatic;
				COMBINE_HIDPI_IMAGES = YES;
				CURRENT_PROJECT_VERSION = 2;
				DEVELOPMENT_ASSET_PATHS = "\"Sharktopoda/Preview Content\"";
				DEVELOPMENT_TEAM = QHNP3SAEAP;
				ENABLE_HARDENED_RUNTIME = YES;
				ENABLE_PREVIEWS = YES;
				GENERATE_INFOPLIST_FILE = YES;
				INFOPLIST_KEY_CFBundleDisplayName = Sharktopoda;
				INFOPLIST_KEY_NSHumanReadableCopyright = "";
				LD_RUNPATH_SEARCH_PATHS = (
					"$(inherited)",
					"@executable_path/../Frameworks",
				);
				MARKETING_VERSION = 2.0.0;
				PRODUCT_BUNDLE_IDENTIFIER = org.mbari.Sharktopoda;
				PRODUCT_NAME = "$(TARGET_NAME)";
				SWIFT_EMIT_LOC_STRINGS = YES;
				SWIFT_VERSION = 5.0;
			};
			name = Debug;
		};
		E2C22EA828CFDC28003CD976 /* Release */ = {
			isa = XCBuildConfiguration;
			buildSettings = {
				ASSETCATALOG_COMPILER_APPICON_NAME = AppIcon;
				ASSETCATALOG_COMPILER_GLOBAL_ACCENT_COLOR_NAME = AccentColor;
				CODE_SIGN_ENTITLEMENTS = Sharktopoda/Sharktopoda.entitlements;
				"CODE_SIGN_IDENTITY[sdk=macosx*]" = "-";
				CODE_SIGN_STYLE = Automatic;
				COMBINE_HIDPI_IMAGES = YES;
				CURRENT_PROJECT_VERSION = 2;
				DEVELOPMENT_ASSET_PATHS = "\"Sharktopoda/Preview Content\"";
				DEVELOPMENT_TEAM = QHNP3SAEAP;
				ENABLE_HARDENED_RUNTIME = YES;
				ENABLE_PREVIEWS = YES;
				GENERATE_INFOPLIST_FILE = YES;
				INFOPLIST_KEY_CFBundleDisplayName = Sharktopoda;
				INFOPLIST_KEY_NSHumanReadableCopyright = "";
				LD_RUNPATH_SEARCH_PATHS = (
					"$(inherited)",
					"@executable_path/../Frameworks",
				);
				MARKETING_VERSION = 2.0.0;
				PRODUCT_BUNDLE_IDENTIFIER = org.mbari.Sharktopoda;
				PRODUCT_NAME = "$(TARGET_NAME)";
				SWIFT_EMIT_LOC_STRINGS = YES;
				SWIFT_VERSION = 5.0;
			};
			name = Release;
		};
		E2C22EAA28CFDC28003CD976 /* Debug */ = {
			isa = XCBuildConfiguration;
			buildSettings = {
				ALWAYS_EMBED_SWIFT_STANDARD_LIBRARIES = YES;
				BUNDLE_LOADER = "$(TEST_HOST)";
				CODE_SIGN_STYLE = Automatic;
				CURRENT_PROJECT_VERSION = 1;
				DEVELOPMENT_TEAM = QHNP3SAEAP;
				GENERATE_INFOPLIST_FILE = YES;
				MACOSX_DEPLOYMENT_TARGET = 12.3;
				MARKETING_VERSION = 1.0;
				PRODUCT_BUNDLE_IDENTIFIER = org.mbari.SharktopodaTests;
				PRODUCT_NAME = "$(TARGET_NAME)";
				SWIFT_EMIT_LOC_STRINGS = NO;
				SWIFT_VERSION = 5.0;
				TEST_HOST = "$(BUILT_PRODUCTS_DIR)/Sharktopoda.app/$(BUNDLE_EXECUTABLE_FOLDER_PATH)/Sharktopoda";
			};
			name = Debug;
		};
		E2C22EAB28CFDC28003CD976 /* Release */ = {
			isa = XCBuildConfiguration;
			buildSettings = {
				ALWAYS_EMBED_SWIFT_STANDARD_LIBRARIES = YES;
				BUNDLE_LOADER = "$(TEST_HOST)";
				CODE_SIGN_STYLE = Automatic;
				CURRENT_PROJECT_VERSION = 1;
				DEVELOPMENT_TEAM = QHNP3SAEAP;
				GENERATE_INFOPLIST_FILE = YES;
				MACOSX_DEPLOYMENT_TARGET = 12.3;
				MARKETING_VERSION = 1.0;
				PRODUCT_BUNDLE_IDENTIFIER = org.mbari.SharktopodaTests;
				PRODUCT_NAME = "$(TARGET_NAME)";
				SWIFT_EMIT_LOC_STRINGS = NO;
				SWIFT_VERSION = 5.0;
				TEST_HOST = "$(BUILT_PRODUCTS_DIR)/Sharktopoda.app/$(BUNDLE_EXECUTABLE_FOLDER_PATH)/Sharktopoda";
			};
			name = Release;
		};
		E2C22EAD28CFDC28003CD976 /* Debug */ = {
			isa = XCBuildConfiguration;
			buildSettings = {
				ALWAYS_EMBED_SWIFT_STANDARD_LIBRARIES = YES;
				CODE_SIGN_STYLE = Automatic;
				CURRENT_PROJECT_VERSION = 1;
				DEVELOPMENT_TEAM = QHNP3SAEAP;
				GENERATE_INFOPLIST_FILE = YES;
				MARKETING_VERSION = 1.0;
				PRODUCT_BUNDLE_IDENTIFIER = org.mbari.SharktopodaUITests;
				PRODUCT_NAME = "$(TARGET_NAME)";
				SWIFT_EMIT_LOC_STRINGS = NO;
				SWIFT_VERSION = 5.0;
				TEST_TARGET_NAME = Sharktopoda;
			};
			name = Debug;
		};
		E2C22EAE28CFDC28003CD976 /* Release */ = {
			isa = XCBuildConfiguration;
			buildSettings = {
				ALWAYS_EMBED_SWIFT_STANDARD_LIBRARIES = YES;
				CODE_SIGN_STYLE = Automatic;
				CURRENT_PROJECT_VERSION = 1;
				DEVELOPMENT_TEAM = QHNP3SAEAP;
				GENERATE_INFOPLIST_FILE = YES;
				MARKETING_VERSION = 1.0;
				PRODUCT_BUNDLE_IDENTIFIER = org.mbari.SharktopodaUITests;
				PRODUCT_NAME = "$(TARGET_NAME)";
				SWIFT_EMIT_LOC_STRINGS = NO;
				SWIFT_VERSION = 5.0;
				TEST_TARGET_NAME = Sharktopoda;
			};
			name = Release;
		};
/* End XCBuildConfiguration section */

/* Begin XCConfigurationList section */
		E2C22E7C28CFDC26003CD976 /* Build configuration list for PBXProject "Sharktopoda" */ = {
			isa = XCConfigurationList;
			buildConfigurations = (
				E2C22EA428CFDC28003CD976 /* Debug */,
				E2C22EA528CFDC28003CD976 /* Release */,
			);
			defaultConfigurationIsVisible = 0;
			defaultConfigurationName = Release;
		};
		E2C22EA628CFDC28003CD976 /* Build configuration list for PBXNativeTarget "Sharktopoda" */ = {
			isa = XCConfigurationList;
			buildConfigurations = (
				E2C22EA728CFDC28003CD976 /* Debug */,
				E2C22EA828CFDC28003CD976 /* Release */,
			);
			defaultConfigurationIsVisible = 0;
			defaultConfigurationName = Release;
		};
		E2C22EA928CFDC28003CD976 /* Build configuration list for PBXNativeTarget "SharktopodaTests" */ = {
			isa = XCConfigurationList;
			buildConfigurations = (
				E2C22EAA28CFDC28003CD976 /* Debug */,
				E2C22EAB28CFDC28003CD976 /* Release */,
			);
			defaultConfigurationIsVisible = 0;
			defaultConfigurationName = Release;
		};
		E2C22EAC28CFDC28003CD976 /* Build configuration list for PBXNativeTarget "SharktopodaUITests" */ = {
			isa = XCConfigurationList;
			buildConfigurations = (
				E2C22EAD28CFDC28003CD976 /* Debug */,
				E2C22EAE28CFDC28003CD976 /* Release */,
			);
			defaultConfigurationIsVisible = 0;
			defaultConfigurationName = Release;
		};
/* End XCConfigurationList section */
	};
	rootObject = E2C22E7928CFDC26003CD976 /* Project object */;
}
